
Microsoft Visual Studio Solution File, Format Version 12.00
# Visual Studio Version 16
VisualStudioVersion = 16.0.28714.193
MinimumVisualStudioVersion = 10.0.40219.1
Project("{9A19103F-16F7-4668-BE54-9A1E7A4F7556}") = "Netling.Core", "Netling.Core\Netling.Core.csproj", "{84CEEC3F-5FCF-4CA5-A6D7-F83CF7EA0B52}"
EndProject
Project("{9A19103F-16F7-4668-BE54-9A1E7A4F7556}") = "Netling.Tests", "Netling.Tests\Netling.Tests.csproj", "{3EAFC61A-8664-4D9F-82F2-323DB8EA0F06}"
EndProject
Project("{2150E333-8FDC-42A3-9474-1A3956D46DE8}") = "Solution Items", "Solution Items", "{4BB83124-D84B-457A-9721-C7D85DD2D764}"
	ProjectSection(SolutionItems) = preProject
		.gitattributes = .gitattributes
		.gitignore = .gitignore
		LICENSE.md = LICENSE.md
		README.md = README.md
	EndProjectSection
EndProject
Project("{FAE04EC0-301F-11D3-BF4B-00C04F79EFBC}") = "Netling", "Netling\Netling.csproj", "{A135D211-91F5-4225-8DDB-29116E773CB2}"
EndProject
Global
	GlobalSection(SolutionConfigurationPlatforms) = preSolution
		Debug|Any CPU = Debug|Any CPU
		Release|Any CPU = Release|Any CPU
	EndGlobalSection
	GlobalSection(ProjectConfigurationPlatforms) = postSolution
		{84CEEC3F-5FCF-4CA5-A6D7-F83CF7EA0B52}.Debug|Any CPU.ActiveCfg = Debug|Any CPU
		{84CEEC3F-5FCF-4CA5-A6D7-F83CF7EA0B52}.Debug|Any CPU.Build.0 = Debug|Any CPU
		{84CEEC3F-5FCF-4CA5-A6D7-F83CF7EA0B52}.Release|Any CPU.ActiveCfg = Release|Any CPU
		{84CEEC3F-5FCF-4CA5-A6D7-F83CF7EA0B52}.Release|Any CPU.Build.0 = Release|Any CPU
		{3EAFC61A-8664-4D9F-82F2-323DB8EA0F06}.Debug|Any CPU.ActiveCfg = Debug|Any CPU
		{3EAFC61A-8664-4D9F-82F2-323DB8EA0F06}.Debug|Any CPU.Build.0 = Debug|Any CPU
		{3EAFC61A-8664-4D9F-82F2-323DB8EA0F06}.Release|Any CPU.ActiveCfg = Release|Any CPU
		{3EAFC61A-8664-4D9F-82F2-323DB8EA0F06}.Release|Any CPU.Build.0 = Release|Any CPU
		{A135D211-91F5-4225-8DDB-29116E773CB2}.Debug|Any CPU.ActiveCfg = Debug|Any CPU
		{A135D211-91F5-4225-8DDB-29116E773CB2}.Debug|Any CPU.Build.0 = Debug|Any CPU
		{A135D211-91F5-4225-8DDB-29116E773CB2}.Release|Any CPU.ActiveCfg = Release|Any CPU
		{A135D211-91F5-4225-8DDB-29116E773CB2}.Release|Any CPU.Build.0 = Release|Any CPU
	EndGlobalSection
	GlobalSection(SolutionProperties) = preSolution
		HideSolutionNode = FALSE
	EndGlobalSection
	GlobalSection(ExtensibilityGlobals) = postSolution
		SolutionGuid = {4BF077A9-5769-4DAD-87EA-6A676CE9DA87}
	EndGlobalSection
EndGlobal
