
Microsoft Visual Studio Solution File, Format Version 12.00
# Visual Studio Version 16
VisualStudioVersion = 16.0.28714.193
MinimumVisualStudioVersion = 10.0.40219.1
Project("{9A19103F-16F7-4668-BE54-9A1E7A4F7556}") = "Netling.Core", "Netling.Core\Netling.Core.csproj", "{84CEEC3F-5FCF-4CA5-A6D7-F83CF7EA0B52}"
EndProject
Project("{9A19103F-16F7-4668-BE54-9A1E7A4F7556}") = "Netling.Client", "Netling.Client\Netling.Client.csproj", "{4F98A1F2-5AAB-44E9-8DBB-8EE865B97AF3}"
EndProject
Project("{9A19103F-16F7-4668-BE54-9A1E7A4F7556}") = "Netling.ConsoleClient", "Netling.ConsoleClient\Netling.ConsoleClient.csproj", "{170E12EF-4094-4B8B-93D3-4A399F81BE9D}"
EndProject
Project("{9A19103F-16F7-4668-BE54-9A1E7A4F7556}") = "Netling.Tests", "Netling.Tests\Netling.Tests.csproj", "{3EAFC61A-8664-4D9F-82F2-323DB8EA0F06}"
EndProject
Project("{9A19103F-16F7-4668-BE54-9A1E7A4F7556}") = "Netling.Core.SocketWorker", "Netling.Core.SocketWorker\Netling.Core.SocketWorker.csproj", "{10E2F65D-8993-409A-ABE5-59CC2697CB32}"
EndProject
Project("{9A19103F-16F7-4668-BE54-9A1E7A4F7556}") = "Netling.Core.HttpClientWorker", "Netling.Core.HttpClientWorker\Netling.Core.HttpClientWorker.csproj", "{1098EAA8-0341-44E9-8FDE-D05A2A56E083}"
EndProject
Project("{FAE04EC0-301F-11D3-BF4B-00C04F79EFBC}") = "Netling.Benchmarks", "Netling.Benchmarks\Netling.Benchmarks.csproj", "{0BD3C287-A664-4217-AB15-FA76441A179F}"
EndProject
Global
	GlobalSection(SolutionConfigurationPlatforms) = preSolution
		Debug|Any CPU = Debug|Any CPU
		Release|Any CPU = Release|Any CPU
	EndGlobalSection
	GlobalSection(ProjectConfigurationPlatforms) = postSolution
		{84CEEC3F-5FCF-4CA5-A6D7-F83CF7EA0B52}.Debug|Any CPU.ActiveCfg = Debug|Any CPU
		{84CEEC3F-5FCF-4CA5-A6D7-F83CF7EA0B52}.Debug|Any CPU.Build.0 = Debug|Any CPU
		{84CEEC3F-5FCF-4CA5-A6D7-F83CF7EA0B52}.Release|Any CPU.ActiveCfg = Release|Any CPU
		{84CEEC3F-5FCF-4CA5-A6D7-F83CF7EA0B52}.Release|Any CPU.Build.0 = Release|Any CPU
		{4F98A1F2-5AAB-44E9-8DBB-8EE865B97AF3}.Debug|Any CPU.ActiveCfg = Debug|Any CPU
		{4F98A1F2-5AAB-44E9-8DBB-8EE865B97AF3}.Debug|Any CPU.Build.0 = Debug|Any CPU
		{4F98A1F2-5AAB-44E9-8DBB-8EE865B97AF3}.Release|Any CPU.ActiveCfg = Release|Any CPU
		{4F98A1F2-5AAB-44E9-8DBB-8EE865B97AF3}.Release|Any CPU.Build.0 = Release|Any CPU
		{170E12EF-4094-4B8B-93D3-4A399F81BE9D}.Debug|Any CPU.ActiveCfg = Debug|Any CPU
		{170E12EF-4094-4B8B-93D3-4A399F81BE9D}.Debug|Any CPU.Build.0 = Debug|Any CPU
		{170E12EF-4094-4B8B-93D3-4A399F81BE9D}.Release|Any CPU.ActiveCfg = Release|Any CPU
		{170E12EF-4094-4B8B-93D3-4A399F81BE9D}.Release|Any CPU.Build.0 = Release|Any CPU
		{3EAFC61A-8664-4D9F-82F2-323DB8EA0F06}.Debug|Any CPU.ActiveCfg = Debug|Any CPU
		{3EAFC61A-8664-4D9F-82F2-323DB8EA0F06}.Debug|Any CPU.Build.0 = Debug|Any CPU
		{3EAFC61A-8664-4D9F-82F2-323DB8EA0F06}.Release|Any CPU.ActiveCfg = Release|Any CPU
		{3EAFC61A-8664-4D9F-82F2-323DB8EA0F06}.Release|Any CPU.Build.0 = Release|Any CPU
		{10E2F65D-8993-409A-ABE5-59CC2697CB32}.Debug|Any CPU.ActiveCfg = Debug|Any CPU
		{10E2F65D-8993-409A-ABE5-59CC2697CB32}.Debug|Any CPU.Build.0 = Debug|Any CPU
		{10E2F65D-8993-409A-ABE5-59CC2697CB32}.Release|Any CPU.ActiveCfg = Release|Any CPU
		{10E2F65D-8993-409A-ABE5-59CC2697CB32}.Release|Any CPU.Build.0 = Release|Any CPU
		{1098EAA8-0341-44E9-8FDE-D05A2A56E083}.Debug|Any CPU.ActiveCfg = Debug|Any CPU
		{1098EAA8-0341-44E9-8FDE-D05A2A56E083}.Debug|Any CPU.Build.0 = Debug|Any CPU
		{1098EAA8-0341-44E9-8FDE-D05A2A56E083}.Release|Any CPU.ActiveCfg = Release|Any CPU
		{1098EAA8-0341-44E9-8FDE-D05A2A56E083}.Release|Any CPU.Build.0 = Release|Any CPU
		{0BD3C287-A664-4217-AB15-FA76441A179F}.Debug|Any CPU.ActiveCfg = Debug|Any CPU
		{0BD3C287-A664-4217-AB15-FA76441A179F}.Debug|Any CPU.Build.0 = Debug|Any CPU
		{0BD3C287-A664-4217-AB15-FA76441A179F}.Release|Any CPU.ActiveCfg = Release|Any CPU
		{0BD3C287-A664-4217-AB15-FA76441A179F}.Release|Any CPU.Build.0 = Release|Any CPU
	EndGlobalSection
	GlobalSection(SolutionProperties) = preSolution
		HideSolutionNode = FALSE
	EndGlobalSection
	GlobalSection(ExtensibilityGlobals) = postSolution
		SolutionGuid = {4BF077A9-5769-4DAD-87EA-6A676CE9DA87}
	EndGlobalSection
EndGlobal
