
Microsoft Visual Studio Solution File, Format Version 12.00
# Visual Studio 2012
Project("{FAE04EC0-301F-11D3-BF4B-00C04F79EFBC}") = "Netling.Core", "Netling.Core\Netling.Core.csproj", "{84CEEC3F-5FCF-4CA5-A6D7-F83CF7EA0B52}"
EndProject
Project("{FAE04EC0-301F-11D3-BF4B-00C04F79EFBC}") = "Netling.Client", "Netling.Client\Netling.Client.csproj", "{4F98A1F2-5AAB-44E9-8DBB-8EE865B97AF3}"
EndProject
Global
	GlobalSection(SolutionConfigurationPlatforms) = preSolution
		Debug|Any CPU = Debug|Any CPU
		Release|Any CPU = Release|Any CPU
	EndGlobalSection
	GlobalSection(ProjectConfigurationPlatforms) = postSolution
		{84CEEC3F-5FCF-4CA5-A6D7-F83CF7EA0B52}.Debug|Any CPU.ActiveCfg = Debug|Any CPU
		{84CEEC3F-5FCF-4CA5-A6D7-F83CF7EA0B52}.Debug|Any CPU.Build.0 = Debug|Any CPU
		{84CEEC3F-5FCF-4CA5-A6D7-F83CF7EA0B52}.Release|Any CPU.ActiveCfg = Release|Any CPU
		{84CEEC3F-5FCF-4CA5-A6D7-F83CF7EA0B52}.Release|Any CPU.Build.0 = Release|Any CPU
		{4F98A1F2-5AAB-44E9-8DBB-8EE865B97AF3}.Debug|Any CPU.ActiveCfg = Debug|Any CPU
		{4F98A1F2-5AAB-44E9-8DBB-8EE865B97AF3}.Debug|Any CPU.Build.0 = Debug|Any CPU
		{4F98A1F2-5AAB-44E9-8DBB-8EE865B97AF3}.Release|Any CPU.ActiveCfg = Release|Any CPU
		{4F98A1F2-5AAB-44E9-8DBB-8EE865B97AF3}.Release|Any CPU.Build.0 = Release|Any CPU
	EndGlobalSection
	GlobalSection(SolutionProperties) = preSolution
		HideSolutionNode = FALSE
	EndGlobalSection
EndGlobal
